
Microsoft Visual Studio Solution File, Format Version 12.00
# Visual Studio Version 16
VisualStudioVersion = 16.0.29123.88
MinimumVisualStudioVersion = 10.0.40219.1
Project("{FAE04EC0-301F-11D3-BF4B-00C04F79EFBC}") = "Hellscape", "Hellscape\Hellscape.csproj", "{BD878895-C13C-4AF2-9AAC-D618D63F3993}"
EndProject
Global
	GlobalSection(SolutionConfigurationPlatforms) = preSolution
		Debug|x86 = Debug|x86
		Release|x86 = Release|x86
	EndGlobalSection
	GlobalSection(ProjectConfigurationPlatforms) = postSolution
		{BD878895-C13C-4AF2-9AAC-D618D63F3993}.Debug|x86.ActiveCfg = Debug|x86
		{BD878895-C13C-4AF2-9AAC-D618D63F3993}.Debug|x86.Build.0 = Debug|x86
		{BD878895-C13C-4AF2-9AAC-D618D63F3993}.Release|x86.ActiveCfg = Release|x86
		{BD878895-C13C-4AF2-9AAC-D618D63F3993}.Release|x86.Build.0 = Release|x86
	EndGlobalSection
	GlobalSection(SolutionProperties) = preSolution
		HideSolutionNode = FALSE
	EndGlobalSection
	GlobalSection(ExtensibilityGlobals) = postSolution
		SolutionGuid = {20185B01-6B3E-4748-9073-D93DB3CA8B30}
	EndGlobalSection
EndGlobal
